// !$*UTF8*$!
{
	archiveVersion = 1;
	classes = {
	};
	objectVersion = 55;
	objects = {

/* Begin PBXBuildFile section */
		971209FE27935D7800E39034 /* local.swift in Sources */ = {isa = PBXBuildFile; fileRef = 971209FD27935D7800E39034 /* local.swift */; };
		971209FF27935D7800E39034 /* local.swift in Sources */ = {isa = PBXBuildFile; fileRef = 971209FD27935D7800E39034 /* local.swift */; };
		97120A0127935F5A00E39034 /* CoreDataViewModel.swift in Sources */ = {isa = PBXBuildFile; fileRef = 97120A0027935F5A00E39034 /* CoreDataViewModel.swift */; };
		97120A0227935F5A00E39034 /* CoreDataViewModel.swift in Sources */ = {isa = PBXBuildFile; fileRef = 97120A0027935F5A00E39034 /* CoreDataViewModel.swift */; };
		97120A0427944B9C00E39034 /* SignInView.swift in Sources */ = {isa = PBXBuildFile; fileRef = 97120A0327944B9C00E39034 /* SignInView.swift */; };
		97120A0527944B9C00E39034 /* SignInView.swift in Sources */ = {isa = PBXBuildFile; fileRef = 97120A0327944B9C00E39034 /* SignInView.swift */; };
		97120A0727944C2C00E39034 /* SignInViewModel.swift in Sources */ = {isa = PBXBuildFile; fileRef = 97120A0627944C2C00E39034 /* SignInViewModel.swift */; };
		97120A0827944C2C00E39034 /* SignInViewModel.swift in Sources */ = {isa = PBXBuildFile; fileRef = 97120A0627944C2C00E39034 /* SignInViewModel.swift */; };
		97120A0A279450CE00E39034 /* AuthService.swift in Sources */ = {isa = PBXBuildFile; fileRef = 97120A09279450CE00E39034 /* AuthService.swift */; };
		97120A0B279450CE00E39034 /* AuthService.swift in Sources */ = {isa = PBXBuildFile; fileRef = 97120A09279450CE00E39034 /* AuthService.swift */; };
		97120A0D27946D3E00E39034 /* ProfileViewModel.swift in Sources */ = {isa = PBXBuildFile; fileRef = 97120A0C27946D3E00E39034 /* ProfileViewModel.swift */; };
		97120A0E27946D3E00E39034 /* ProfileViewModel.swift in Sources */ = {isa = PBXBuildFile; fileRef = 97120A0C27946D3E00E39034 /* ProfileViewModel.swift */; };
		97D3CDF42790443300E3A710 /* BuildOverContainer.xcdatamodeld in Sources */ = {isa = PBXBuildFile; fileRef = 97D3CDF22790443300E3A710 /* BuildOverContainer.xcdatamodeld */; };
		97D3CDF52790443300E3A710 /* BuildOverContainer.xcdatamodeld in Sources */ = {isa = PBXBuildFile; fileRef = 97D3CDF22790443300E3A710 /* BuildOverContainer.xcdatamodeld */; };
		97D3CDF927904E1B00E3A710 /* CloudKit.framework in Frameworks */ = {isa = PBXBuildFile; fileRef = 97D3CDF827904E1B00E3A710 /* CloudKit.framework */; };
		97D3CDFB27904E3000E3A710 /* CloudKit.framework in Frameworks */ = {isa = PBXBuildFile; fileRef = 97D3CDFA27904E3000E3A710 /* CloudKit.framework */; };
		97EE0D8A278F4A3B00C344C7 /* Build_OverApp.swift in Sources */ = {isa = PBXBuildFile; fileRef = 97EE0D77278F4A3700C344C7 /* Build_OverApp.swift */; };
		97EE0D8B278F4A3B00C344C7 /* Build_OverApp.swift in Sources */ = {isa = PBXBuildFile; fileRef = 97EE0D77278F4A3700C344C7 /* Build_OverApp.swift */; };
		97EE0D8C278F4A3B00C344C7 /* ContentView.swift in Sources */ = {isa = PBXBuildFile; fileRef = 97EE0D78278F4A3700C344C7 /* ContentView.swift */; };
		97EE0D8D278F4A3B00C344C7 /* ContentView.swift in Sources */ = {isa = PBXBuildFile; fileRef = 97EE0D78278F4A3700C344C7 /* ContentView.swift */; };
		97EE0D8E278F4A3B00C344C7 /* remote.swift in Sources */ = {isa = PBXBuildFile; fileRef = 97EE0D79278F4A3700C344C7 /* remote.swift */; };
		97EE0D8F278F4A3B00C344C7 /* remote.swift in Sources */ = {isa = PBXBuildFile; fileRef = 97EE0D79278F4A3700C344C7 /* remote.swift */; };
		97EE0D90278F4A3B00C344C7 /* Assets.xcassets in Resources */ = {isa = PBXBuildFile; fileRef = 97EE0D7A278F4A3B00C344C7 /* Assets.xcassets */; };
		97EE0D91278F4A3B00C344C7 /* Assets.xcassets in Resources */ = {isa = PBXBuildFile; fileRef = 97EE0D7A278F4A3B00C344C7 /* Assets.xcassets */; };
		97EE0DA3278F52CC00C344C7 /* ProfileView.swift in Sources */ = {isa = PBXBuildFile; fileRef = 97EE0DA2278F52CC00C344C7 /* ProfileView.swift */; };
		97EE0DA4278F52CC00C344C7 /* ProfileView.swift in Sources */ = {isa = PBXBuildFile; fileRef = 97EE0DA2278F52CC00C344C7 /* ProfileView.swift */; };
		97EE0DA6278F533200C344C7 /* HomeView.swift in Sources */ = {isa = PBXBuildFile; fileRef = 97EE0DA5278F533200C344C7 /* HomeView.swift */; };
		97EE0DA7278F533300C344C7 /* HomeView.swift in Sources */ = {isa = PBXBuildFile; fileRef = 97EE0DA5278F533200C344C7 /* HomeView.swift */; };
		97EE0DA9278F534100C344C7 /* SearchView.swift in Sources */ = {isa = PBXBuildFile; fileRef = 97EE0DA8278F534100C344C7 /* SearchView.swift */; };
		97EE0DAA278F534100C344C7 /* SearchView.swift in Sources */ = {isa = PBXBuildFile; fileRef = 97EE0DA8278F534100C344C7 /* SearchView.swift */; };
/* End PBXBuildFile section */

/* Begin PBXFileReference section */
		971209FD27935D7800E39034 /* local.swift */ = {isa = PBXFileReference; lastKnownFileType = sourcecode.swift; path = local.swift; sourceTree = "<group>"; };
		97120A0027935F5A00E39034 /* CoreDataViewModel.swift */ = {isa = PBXFileReference; lastKnownFileType = sourcecode.swift; path = CoreDataViewModel.swift; sourceTree = "<group>"; };
		97120A0327944B9C00E39034 /* SignInView.swift */ = {isa = PBXFileReference; lastKnownFileType = sourcecode.swift; path = SignInView.swift; sourceTree = "<group>"; };
		97120A0627944C2C00E39034 /* SignInViewModel.swift */ = {isa = PBXFileReference; lastKnownFileType = sourcecode.swift; path = SignInViewModel.swift; sourceTree = "<group>"; };
		97120A09279450CE00E39034 /* AuthService.swift */ = {isa = PBXFileReference; lastKnownFileType = sourcecode.swift; path = AuthService.swift; sourceTree = "<group>"; };
		97120A0C27946D3E00E39034 /* ProfileViewModel.swift */ = {isa = PBXFileReference; lastKnownFileType = sourcecode.swift; path = ProfileViewModel.swift; sourceTree = "<group>"; };
		97D3CDF32790443300E3A710 /* BuildOverModel.xcdatamodel */ = {isa = PBXFileReference; lastKnownFileType = wrapper.xcdatamodel; path = BuildOverModel.xcdatamodel; sourceTree = "<group>"; };
		97D3CDF627904E1400E3A710 /* Build Over (iOS).entitlements */ = {isa = PBXFileReference; lastKnownFileType = text.plist.entitlements; path = "Build Over (iOS).entitlements"; sourceTree = "<group>"; };
		97D3CDF827904E1B00E3A710 /* CloudKit.framework */ = {isa = PBXFileReference; lastKnownFileType = wrapper.framework; name = CloudKit.framework; path = Platforms/iPhoneOS.platform/Developer/SDKs/iPhoneOS15.2.sdk/System/Library/Frameworks/CloudKit.framework; sourceTree = DEVELOPER_DIR; };
		97D3CDFA27904E3000E3A710 /* CloudKit.framework */ = {isa = PBXFileReference; lastKnownFileType = wrapper.framework; name = CloudKit.framework; path = System/Library/Frameworks/CloudKit.framework; sourceTree = SDKROOT; };
		97EE0D77278F4A3700C344C7 /* Build_OverApp.swift */ = {isa = PBXFileReference; lastKnownFileType = sourcecode.swift; path = Build_OverApp.swift; sourceTree = "<group>"; };
		97EE0D78278F4A3700C344C7 /* ContentView.swift */ = {isa = PBXFileReference; lastKnownFileType = sourcecode.swift; path = ContentView.swift; sourceTree = "<group>"; };
		97EE0D79278F4A3700C344C7 /* remote.swift */ = {isa = PBXFileReference; lastKnownFileType = sourcecode.swift; path = remote.swift; sourceTree = "<group>"; };
		97EE0D7A278F4A3B00C344C7 /* Assets.xcassets */ = {isa = PBXFileReference; lastKnownFileType = folder.assetcatalog; path = Assets.xcassets; sourceTree = "<group>"; };
		97EE0D7F278F4A3B00C344C7 /* Build Over.app */ = {isa = PBXFileReference; explicitFileType = wrapper.application; includeInIndex = 0; path = "Build Over.app"; sourceTree = BUILT_PRODUCTS_DIR; };
		97EE0D85278F4A3B00C344C7 /* Build Over.app */ = {isa = PBXFileReference; explicitFileType = wrapper.application; includeInIndex = 0; path = "Build Over.app"; sourceTree = BUILT_PRODUCTS_DIR; };
		97EE0D87278F4A3B00C344C7 /* macOS.entitlements */ = {isa = PBXFileReference; lastKnownFileType = text.plist.entitlements; path = macOS.entitlements; sourceTree = "<group>"; };
		97EE0DA2278F52CC00C344C7 /* ProfileView.swift */ = {isa = PBXFileReference; lastKnownFileType = sourcecode.swift; path = ProfileView.swift; sourceTree = "<group>"; };
		97EE0DA5278F533200C344C7 /* HomeView.swift */ = {isa = PBXFileReference; lastKnownFileType = sourcecode.swift; path = HomeView.swift; sourceTree = "<group>"; };
		97EE0DA8278F534100C344C7 /* SearchView.swift */ = {isa = PBXFileReference; lastKnownFileType = sourcecode.swift; path = SearchView.swift; sourceTree = "<group>"; };
/* End PBXFileReference section */

/* Begin PBXFrameworksBuildPhase section */
		97EE0D7C278F4A3B00C344C7 /* Frameworks */ = {
			isa = PBXFrameworksBuildPhase;
			buildActionMask = 2147483647;
			files = (
				97D3CDF927904E1B00E3A710 /* CloudKit.framework in Frameworks */,
			);
			runOnlyForDeploymentPostprocessing = 0;
		};
		97EE0D82278F4A3B00C344C7 /* Frameworks */ = {
			isa = PBXFrameworksBuildPhase;
			buildActionMask = 2147483647;
			files = (
				97D3CDFB27904E3000E3A710 /* CloudKit.framework in Frameworks */,
			);
			runOnlyForDeploymentPostprocessing = 0;
		};
/* End PBXFrameworksBuildPhase section */

/* Begin PBXGroup section */
		971209FC27935D4A00E39034 /* dataservice */ = {
			isa = PBXGroup;
			children = (
				97EE0D79278F4A3700C344C7 /* remote.swift */,
				971209FD27935D7800E39034 /* local.swift */,
			);
			path = dataservice;
			sourceTree = "<group>";
		};
		97D3CDF727904E1B00E3A710 /* Frameworks */ = {
			isa = PBXGroup;
			children = (
				97D3CDFA27904E3000E3A710 /* CloudKit.framework */,
				97D3CDF827904E1B00E3A710 /* CloudKit.framework */,
			);
			name = Frameworks;
			sourceTree = "<group>";
		};
		97EE0D6F278F4A3700C344C7 = {
			isa = PBXGroup;
			children = (
				97D3CDF627904E1400E3A710 /* Build Over (iOS).entitlements */,
				97EE0D74278F4A3700C344C7 /* Shared */,
				97EE0D86278F4A3B00C344C7 /* macOS */,
				97EE0D80278F4A3B00C344C7 /* Products */,
				97D3CDF727904E1B00E3A710 /* Frameworks */,
			);
			sourceTree = "<group>";
		};
		97EE0D74278F4A3700C344C7 /* Shared */ = {
			isa = PBXGroup;
			children = (
				97EE0DAD278F53DE00C344C7 /* viewModels */,
				97EE0DA1278F528000C344C7 /* views */,
				97EE0DA0278F523B00C344C7 /* repository */,
				97EE0D9F278F510C00C344C7 /* services */,
				97EE0D77278F4A3700C344C7 /* Build_OverApp.swift */,
				97EE0D7A278F4A3B00C344C7 /* Assets.xcassets */,
				97D3CDF22790443300E3A710 /* BuildOverContainer.xcdatamodeld */,
			);
			path = Shared;
			sourceTree = "<group>";
		};
		97EE0D80278F4A3B00C344C7 /* Products */ = {
			isa = PBXGroup;
			children = (
				97EE0D7F278F4A3B00C344C7 /* Build Over.app */,
				97EE0D85278F4A3B00C344C7 /* Build Over.app */,
			);
			name = Products;
			sourceTree = "<group>";
		};
		97EE0D86278F4A3B00C344C7 /* macOS */ = {
			isa = PBXGroup;
			children = (
				97EE0D87278F4A3B00C344C7 /* macOS.entitlements */,
			);
			path = macOS;
			sourceTree = "<group>";
		};
		97EE0D9F278F510C00C344C7 /* services */ = {
			isa = PBXGroup;
			children = (
				971209FC27935D4A00E39034 /* dataservice */,
				97120A09279450CE00E39034 /* AuthService.swift */,
			);
			path = services;
			sourceTree = "<group>";
		};
		97EE0DA0278F523B00C344C7 /* repository */ = {
			isa = PBXGroup;
			children = (
			);
			path = repository;
			sourceTree = "<group>";
		};
		97EE0DA1278F528000C344C7 /* views */ = {
			isa = PBXGroup;
			children = (
				97EE0D78278F4A3700C344C7 /* ContentView.swift */,
				97EE0DAB278F536600C344C7 /* components */,
				97EE0DA2278F52CC00C344C7 /* ProfileView.swift */,
				97EE0DA5278F533200C344C7 /* HomeView.swift */,
				97EE0DA8278F534100C344C7 /* SearchView.swift */,
				97120A0327944B9C00E39034 /* SignInView.swift */,
			);
			path = views;
			sourceTree = "<group>";
		};
		97EE0DAB278F536600C344C7 /* components */ = {
			isa = PBXGroup;
			children = (
			);
			path = components;
			sourceTree = "<group>";
		};
		97EE0DAD278F53DE00C344C7 /* viewModels */ = {
			isa = PBXGroup;
			children = (
				97120A0027935F5A00E39034 /* CoreDataViewModel.swift */,
				97120A0627944C2C00E39034 /* SignInViewModel.swift */,
				97120A0C27946D3E00E39034 /* ProfileViewModel.swift */,
			);
			path = viewModels;
			sourceTree = "<group>";
		};
/* End PBXGroup section */

/* Begin PBXNativeTarget section */
		97EE0D7E278F4A3B00C344C7 /* Build Over (iOS) */ = {
			isa = PBXNativeTarget;
			buildConfigurationList = 97EE0D94278F4A3B00C344C7 /* Build configuration list for PBXNativeTarget "Build Over (iOS)" */;
			buildPhases = (
				97EE0D7B278F4A3B00C344C7 /* Sources */,
				97EE0D7C278F4A3B00C344C7 /* Frameworks */,
				97EE0D7D278F4A3B00C344C7 /* Resources */,
			);
			buildRules = (
			);
			dependencies = (
			);
			name = "Build Over (iOS)";
			productName = "Build Over (iOS)";
			productReference = 97EE0D7F278F4A3B00C344C7 /* Build Over.app */;
			productType = "com.apple.product-type.application";
		};
		97EE0D84278F4A3B00C344C7 /* Build Over (macOS) */ = {
			isa = PBXNativeTarget;
			buildConfigurationList = 97EE0D97278F4A3B00C344C7 /* Build configuration list for PBXNativeTarget "Build Over (macOS)" */;
			buildPhases = (
				97EE0D81278F4A3B00C344C7 /* Sources */,
				97EE0D82278F4A3B00C344C7 /* Frameworks */,
				97EE0D83278F4A3B00C344C7 /* Resources */,
			);
			buildRules = (
			);
			dependencies = (
			);
			name = "Build Over (macOS)";
			productName = "Build Over (macOS)";
			productReference = 97EE0D85278F4A3B00C344C7 /* Build Over.app */;
			productType = "com.apple.product-type.application";
		};
/* End PBXNativeTarget section */

/* Begin PBXProject section */
		97EE0D70278F4A3700C344C7 /* Project object */ = {
			isa = PBXProject;
			attributes = {
				BuildIndependentTargetsInParallel = 1;
				LastSwiftUpdateCheck = 1320;
				LastUpgradeCheck = 1320;
				TargetAttributes = {
					97EE0D7E278F4A3B00C344C7 = {
						CreatedOnToolsVersion = 13.2.1;
					};
					97EE0D84278F4A3B00C344C7 = {
						CreatedOnToolsVersion = 13.2.1;
					};
				};
			};
			buildConfigurationList = 97EE0D73278F4A3700C344C7 /* Build configuration list for PBXProject "Build Over" */;
			compatibilityVersion = "Xcode 13.0";
			developmentRegion = en;
			hasScannedForEncodings = 0;
			knownRegions = (
				en,
				Base,
			);
			mainGroup = 97EE0D6F278F4A3700C344C7;
			productRefGroup = 97EE0D80278F4A3B00C344C7 /* Products */;
			projectDirPath = "";
			projectRoot = "";
			targets = (
				97EE0D7E278F4A3B00C344C7 /* Build Over (iOS) */,
				97EE0D84278F4A3B00C344C7 /* Build Over (macOS) */,
			);
		};
/* End PBXProject section */

/* Begin PBXResourcesBuildPhase section */
		97EE0D7D278F4A3B00C344C7 /* Resources */ = {
			isa = PBXResourcesBuildPhase;
			buildActionMask = 2147483647;
			files = (
				97EE0D90278F4A3B00C344C7 /* Assets.xcassets in Resources */,
			);
			runOnlyForDeploymentPostprocessing = 0;
		};
		97EE0D83278F4A3B00C344C7 /* Resources */ = {
			isa = PBXResourcesBuildPhase;
			buildActionMask = 2147483647;
			files = (
				97EE0D91278F4A3B00C344C7 /* Assets.xcassets in Resources */,
			);
			runOnlyForDeploymentPostprocessing = 0;
		};
/* End PBXResourcesBuildPhase section */

/* Begin PBXSourcesBuildPhase section */
		97EE0D7B278F4A3B00C344C7 /* Sources */ = {
			isa = PBXSourcesBuildPhase;
			buildActionMask = 2147483647;
			files = (
				97EE0DA9278F534100C344C7 /* SearchView.swift in Sources */,
				97EE0D8A278F4A3B00C344C7 /* Build_OverApp.swift in Sources */,
				97EE0D8E278F4A3B00C344C7 /* remote.swift in Sources */,
				97120A0A279450CE00E39034 /* AuthService.swift in Sources */,
				97D3CDF42790443300E3A710 /* BuildOverContainer.xcdatamodeld in Sources */,
				97120A0427944B9C00E39034 /* SignInView.swift in Sources */,
				97120A0127935F5A00E39034 /* CoreDataViewModel.swift in Sources */,
				97EE0DA6278F533200C344C7 /* HomeView.swift in Sources */,
				97EE0DA3278F52CC00C344C7 /* ProfileView.swift in Sources */,
				97120A0727944C2C00E39034 /* SignInViewModel.swift in Sources */,
				97120A0D27946D3E00E39034 /* ProfileViewModel.swift in Sources */,
				971209FE27935D7800E39034 /* local.swift in Sources */,
				97EE0D8C278F4A3B00C344C7 /* ContentView.swift in Sources */,
			);
			runOnlyForDeploymentPostprocessing = 0;
		};
		97EE0D81278F4A3B00C344C7 /* Sources */ = {
			isa = PBXSourcesBuildPhase;
			buildActionMask = 2147483647;
			files = (
				97EE0D8B278F4A3B00C344C7 /* Build_OverApp.swift in Sources */,
				97EE0D8F278F4A3B00C344C7 /* remote.swift in Sources */,
				97EE0DA4278F52CC00C344C7 /* ProfileView.swift in Sources */,
				97120A0B279450CE00E39034 /* AuthService.swift in Sources */,
				97D3CDF52790443300E3A710 /* BuildOverContainer.xcdatamodeld in Sources */,
				97120A0527944B9C00E39034 /* SignInView.swift in Sources */,
				97EE0DAA278F534100C344C7 /* SearchView.swift in Sources */,
				97120A0227935F5A00E39034 /* CoreDataViewModel.swift in Sources */,
				97EE0DA7278F533300C344C7 /* HomeView.swift in Sources */,
				97120A0827944C2C00E39034 /* SignInViewModel.swift in Sources */,
				97120A0E27946D3E00E39034 /* ProfileViewModel.swift in Sources */,
				971209FF27935D7800E39034 /* local.swift in Sources */,
				97EE0D8D278F4A3B00C344C7 /* ContentView.swift in Sources */,
			);
			runOnlyForDeploymentPostprocessing = 0;
		};
/* End PBXSourcesBuildPhase section */

/* Begin XCBuildConfiguration section */
		97EE0D92278F4A3B00C344C7 /* Debug */ = {
			isa = XCBuildConfiguration;
			buildSettings = {
				ALWAYS_SEARCH_USER_PATHS = NO;
				CLANG_ANALYZER_NONNULL = YES;
				CLANG_ANALYZER_NUMBER_OBJECT_CONVERSION = YES_AGGRESSIVE;
				CLANG_CXX_LANGUAGE_STANDARD = "gnu++17";
				CLANG_CXX_LIBRARY = "libc++";
				CLANG_ENABLE_MODULES = YES;
				CLANG_ENABLE_OBJC_ARC = YES;
				CLANG_ENABLE_OBJC_WEAK = YES;
				CLANG_WARN_BLOCK_CAPTURE_AUTORELEASING = YES;
				CLANG_WARN_BOOL_CONVERSION = YES;
				CLANG_WARN_COMMA = YES;
				CLANG_WARN_CONSTANT_CONVERSION = YES;
				CLANG_WARN_DEPRECATED_OBJC_IMPLEMENTATIONS = YES;
				CLANG_WARN_DIRECT_OBJC_ISA_USAGE = YES_ERROR;
				CLANG_WARN_DOCUMENTATION_COMMENTS = YES;
				CLANG_WARN_EMPTY_BODY = YES;
				CLANG_WARN_ENUM_CONVERSION = YES;
				CLANG_WARN_INFINITE_RECURSION = YES;
				CLANG_WARN_INT_CONVERSION = YES;
				CLANG_WARN_NON_LITERAL_NULL_CONVERSION = YES;
				CLANG_WARN_OBJC_IMPLICIT_RETAIN_SELF = YES;
				CLANG_WARN_OBJC_LITERAL_CONVERSION = YES;
				CLANG_WARN_OBJC_ROOT_CLASS = YES_ERROR;
				CLANG_WARN_QUOTED_INCLUDE_IN_FRAMEWORK_HEADER = YES;
				CLANG_WARN_RANGE_LOOP_ANALYSIS = YES;
				CLANG_WARN_STRICT_PROTOTYPES = YES;
				CLANG_WARN_SUSPICIOUS_MOVE = YES;
				CLANG_WARN_UNGUARDED_AVAILABILITY = YES_AGGRESSIVE;
				CLANG_WARN_UNREACHABLE_CODE = YES;
				CLANG_WARN__DUPLICATE_METHOD_MATCH = YES;
				COPY_PHASE_STRIP = NO;
				DEBUG_INFORMATION_FORMAT = dwarf;
				ENABLE_STRICT_OBJC_MSGSEND = YES;
				ENABLE_TESTABILITY = YES;
				GCC_C_LANGUAGE_STANDARD = gnu11;
				GCC_DYNAMIC_NO_PIC = NO;
				GCC_NO_COMMON_BLOCKS = YES;
				GCC_OPTIMIZATION_LEVEL = 0;
				GCC_PREPROCESSOR_DEFINITIONS = (
					"DEBUG=1",
					"$(inherited)",
				);
				GCC_WARN_64_TO_32_BIT_CONVERSION = YES;
				GCC_WARN_ABOUT_RETURN_TYPE = YES_ERROR;
				GCC_WARN_UNDECLARED_SELECTOR = YES;
				GCC_WARN_UNINITIALIZED_AUTOS = YES_AGGRESSIVE;
				GCC_WARN_UNUSED_FUNCTION = YES;
				GCC_WARN_UNUSED_VARIABLE = YES;
				MTL_ENABLE_DEBUG_INFO = INCLUDE_SOURCE;
				MTL_FAST_MATH = YES;
				ONLY_ACTIVE_ARCH = YES;
				SWIFT_ACTIVE_COMPILATION_CONDITIONS = DEBUG;
				SWIFT_OPTIMIZATION_LEVEL = "-Onone";
			};
			name = Debug;
		};
		97EE0D93278F4A3B00C344C7 /* Release */ = {
			isa = XCBuildConfiguration;
			buildSettings = {
				ALWAYS_SEARCH_USER_PATHS = NO;
				CLANG_ANALYZER_NONNULL = YES;
				CLANG_ANALYZER_NUMBER_OBJECT_CONVERSION = YES_AGGRESSIVE;
				CLANG_CXX_LANGUAGE_STANDARD = "gnu++17";
				CLANG_CXX_LIBRARY = "libc++";
				CLANG_ENABLE_MODULES = YES;
				CLANG_ENABLE_OBJC_ARC = YES;
				CLANG_ENABLE_OBJC_WEAK = YES;
				CLANG_WARN_BLOCK_CAPTURE_AUTORELEASING = YES;
				CLANG_WARN_BOOL_CONVERSION = YES;
				CLANG_WARN_COMMA = YES;
				CLANG_WARN_CONSTANT_CONVERSION = YES;
				CLANG_WARN_DEPRECATED_OBJC_IMPLEMENTATIONS = YES;
				CLANG_WARN_DIRECT_OBJC_ISA_USAGE = YES_ERROR;
				CLANG_WARN_DOCUMENTATION_COMMENTS = YES;
				CLANG_WARN_EMPTY_BODY = YES;
				CLANG_WARN_ENUM_CONVERSION = YES;
				CLANG_WARN_INFINITE_RECURSION = YES;
				CLANG_WARN_INT_CONVERSION = YES;
				CLANG_WARN_NON_LITERAL_NULL_CONVERSION = YES;
				CLANG_WARN_OBJC_IMPLICIT_RETAIN_SELF = YES;
				CLANG_WARN_OBJC_LITERAL_CONVERSION = YES;
				CLANG_WARN_OBJC_ROOT_CLASS = YES_ERROR;
				CLANG_WARN_QUOTED_INCLUDE_IN_FRAMEWORK_HEADER = YES;
				CLANG_WARN_RANGE_LOOP_ANALYSIS = YES;
				CLANG_WARN_STRICT_PROTOTYPES = YES;
				CLANG_WARN_SUSPICIOUS_MOVE = YES;
				CLANG_WARN_UNGUARDED_AVAILABILITY = YES_AGGRESSIVE;
				CLANG_WARN_UNREACHABLE_CODE = YES;
				CLANG_WARN__DUPLICATE_METHOD_MATCH = YES;
				COPY_PHASE_STRIP = NO;
				DEBUG_INFORMATION_FORMAT = "dwarf-with-dsym";
				ENABLE_NS_ASSERTIONS = NO;
				ENABLE_STRICT_OBJC_MSGSEND = YES;
				GCC_C_LANGUAGE_STANDARD = gnu11;
				GCC_NO_COMMON_BLOCKS = YES;
				GCC_WARN_64_TO_32_BIT_CONVERSION = YES;
				GCC_WARN_ABOUT_RETURN_TYPE = YES_ERROR;
				GCC_WARN_UNDECLARED_SELECTOR = YES;
				GCC_WARN_UNINITIALIZED_AUTOS = YES_AGGRESSIVE;
				GCC_WARN_UNUSED_FUNCTION = YES;
				GCC_WARN_UNUSED_VARIABLE = YES;
				MTL_ENABLE_DEBUG_INFO = NO;
				MTL_FAST_MATH = YES;
				SWIFT_COMPILATION_MODE = wholemodule;
				SWIFT_OPTIMIZATION_LEVEL = "-O";
			};
			name = Release;
		};
		97EE0D95278F4A3B00C344C7 /* Debug */ = {
			isa = XCBuildConfiguration;
			buildSettings = {
				ASSETCATALOG_COMPILER_APPICON_NAME = AppIcon;
				ASSETCATALOG_COMPILER_GLOBAL_ACCENT_COLOR_NAME = AccentColor;
				CODE_SIGN_ENTITLEMENTS = "Build Over (iOS).entitlements";
				CODE_SIGN_STYLE = Automatic;
				CURRENT_PROJECT_VERSION = 1;
				DEVELOPMENT_TEAM = R3K2497LK5;
				ENABLE_PREVIEWS = YES;
				GENERATE_INFOPLIST_FILE = YES;
				INFOPLIST_KEY_LSApplicationCategoryType = "public.app-category.developer-tools";
				INFOPLIST_KEY_UIApplicationSceneManifest_Generation = YES;
				INFOPLIST_KEY_UIApplicationSupportsIndirectInputEvents = YES;
				INFOPLIST_KEY_UILaunchScreen_Generation = YES;
				INFOPLIST_KEY_UISupportedInterfaceOrientations_iPad = "UIInterfaceOrientationPortrait UIInterfaceOrientationPortraitUpsideDown UIInterfaceOrientationLandscapeLeft UIInterfaceOrientationLandscapeRight";
				INFOPLIST_KEY_UISupportedInterfaceOrientations_iPhone = "UIInterfaceOrientationPortrait UIInterfaceOrientationLandscapeLeft UIInterfaceOrientationLandscapeRight";
				IPHONEOS_DEPLOYMENT_TARGET = 14.0;
				"IPHONEOS_DEPLOYMENT_TARGET[sdk=macosx*]" = 14.2;
				LD_RUNPATH_SEARCH_PATHS = (
					"$(inherited)",
					"@executable_path/Frameworks",
				);
				MARKETING_VERSION = 1.0;
				PRODUCT_BUNDLE_IDENTIFIER = "com.DavidAgyakwa.Build-Over";
				PRODUCT_NAME = "Build Over";
				SDKROOT = iphoneos;
				SUPPORTS_MACCATALYST = YES;
				SWIFT_EMIT_LOC_STRINGS = YES;
				SWIFT_VERSION = 5.0;
				TARGETED_DEVICE_FAMILY = "1,2,6";
			};
			name = Debug;
		};
		97EE0D96278F4A3B00C344C7 /* Release */ = {
			isa = XCBuildConfiguration;
			buildSettings = {
				ASSETCATALOG_COMPILER_APPICON_NAME = AppIcon;
				ASSETCATALOG_COMPILER_GLOBAL_ACCENT_COLOR_NAME = AccentColor;
				CODE_SIGN_ENTITLEMENTS = "Build Over (iOS).entitlements";
				CODE_SIGN_STYLE = Automatic;
				CURRENT_PROJECT_VERSION = 1;
				DEVELOPMENT_TEAM = R3K2497LK5;
				ENABLE_PREVIEWS = YES;
				GENERATE_INFOPLIST_FILE = YES;
				INFOPLIST_KEY_LSApplicationCategoryType = "public.app-category.developer-tools";
				INFOPLIST_KEY_UIApplicationSceneManifest_Generation = YES;
				INFOPLIST_KEY_UIApplicationSupportsIndirectInputEvents = YES;
				INFOPLIST_KEY_UILaunchScreen_Generation = YES;
				INFOPLIST_KEY_UISupportedInterfaceOrientations_iPad = "UIInterfaceOrientationPortrait UIInterfaceOrientationPortraitUpsideDown UIInterfaceOrientationLandscapeLeft UIInterfaceOrientationLandscapeRight";
				INFOPLIST_KEY_UISupportedInterfaceOrientations_iPhone = "UIInterfaceOrientationPortrait UIInterfaceOrientationLandscapeLeft UIInterfaceOrientationLandscapeRight";
				IPHONEOS_DEPLOYMENT_TARGET = 14.0;
				"IPHONEOS_DEPLOYMENT_TARGET[sdk=macosx*]" = 14.2;
				LD_RUNPATH_SEARCH_PATHS = (
					"$(inherited)",
					"@executable_path/Frameworks",
				);
				MARKETING_VERSION = 1.0;
				PRODUCT_BUNDLE_IDENTIFIER = "com.DavidAgyakwa.Build-Over";
				PRODUCT_NAME = "Build Over";
				SDKROOT = iphoneos;
				SUPPORTS_MACCATALYST = YES;
				SWIFT_EMIT_LOC_STRINGS = YES;
				SWIFT_VERSION = 5.0;
				TARGETED_DEVICE_FAMILY = "1,2,6";
				VALIDATE_PRODUCT = YES;
			};
			name = Release;
		};
		97EE0D98278F4A3B00C344C7 /* Debug */ = {
			isa = XCBuildConfiguration;
			buildSettings = {
				ASSETCATALOG_COMPILER_APPICON_NAME = AppIcon;
				ASSETCATALOG_COMPILER_GLOBAL_ACCENT_COLOR_NAME = AccentColor;
				CODE_SIGN_ENTITLEMENTS = macOS/macOS.entitlements;
				CODE_SIGN_STYLE = Automatic;
				COMBINE_HIDPI_IMAGES = YES;
				CURRENT_PROJECT_VERSION = 1;
				DEVELOPMENT_TEAM = R3K2497LK5;
				ENABLE_HARDENED_RUNTIME = YES;
				ENABLE_PREVIEWS = YES;
				GENERATE_INFOPLIST_FILE = YES;
				INFOPLIST_KEY_NSHumanReadableCopyright = "";
				LD_RUNPATH_SEARCH_PATHS = (
					"$(inherited)",
					"@executable_path/../Frameworks",
				);
				MACOSX_DEPLOYMENT_TARGET = 12.1;
				MARKETING_VERSION = 1.0;
				PRODUCT_BUNDLE_IDENTIFIER = "com.DavidAgyakwa.Build-Over";
				PRODUCT_NAME = "Build Over";
				SDKROOT = macosx;
				SWIFT_EMIT_LOC_STRINGS = YES;
				SWIFT_VERSION = 5.0;
			};
			name = Debug;
		};
		97EE0D99278F4A3B00C344C7 /* Release */ = {
			isa = XCBuildConfiguration;
			buildSettings = {
				ASSETCATALOG_COMPILER_APPICON_NAME = AppIcon;
				ASSETCATALOG_COMPILER_GLOBAL_ACCENT_COLOR_NAME = AccentColor;
				CODE_SIGN_ENTITLEMENTS = macOS/macOS.entitlements;
				CODE_SIGN_STYLE = Automatic;
				COMBINE_HIDPI_IMAGES = YES;
				CURRENT_PROJECT_VERSION = 1;
				DEVELOPMENT_TEAM = R3K2497LK5;
				ENABLE_HARDENED_RUNTIME = YES;
				ENABLE_PREVIEWS = YES;
				GENERATE_INFOPLIST_FILE = YES;
				INFOPLIST_KEY_NSHumanReadableCopyright = "";
				LD_RUNPATH_SEARCH_PATHS = (
					"$(inherited)",
					"@executable_path/../Frameworks",
				);
				MACOSX_DEPLOYMENT_TARGET = 12.1;
				MARKETING_VERSION = 1.0;
				PRODUCT_BUNDLE_IDENTIFIER = "com.DavidAgyakwa.Build-Over";
				PRODUCT_NAME = "Build Over";
				SDKROOT = macosx;
				SWIFT_EMIT_LOC_STRINGS = YES;
				SWIFT_VERSION = 5.0;
			};
			name = Release;
		};
/* End XCBuildConfiguration section */

/* Begin XCConfigurationList section */
		97EE0D73278F4A3700C344C7 /* Build configuration list for PBXProject "Build Over" */ = {
			isa = XCConfigurationList;
			buildConfigurations = (
				97EE0D92278F4A3B00C344C7 /* Debug */,
				97EE0D93278F4A3B00C344C7 /* Release */,
			);
			defaultConfigurationIsVisible = 0;
			defaultConfigurationName = Release;
		};
		97EE0D94278F4A3B00C344C7 /* Build configuration list for PBXNativeTarget "Build Over (iOS)" */ = {
			isa = XCConfigurationList;
			buildConfigurations = (
				97EE0D95278F4A3B00C344C7 /* Debug */,
				97EE0D96278F4A3B00C344C7 /* Release */,
			);
			defaultConfigurationIsVisible = 0;
			defaultConfigurationName = Release;
		};
		97EE0D97278F4A3B00C344C7 /* Build configuration list for PBXNativeTarget "Build Over (macOS)" */ = {
			isa = XCConfigurationList;
			buildConfigurations = (
				97EE0D98278F4A3B00C344C7 /* Debug */,
				97EE0D99278F4A3B00C344C7 /* Release */,
			);
			defaultConfigurationIsVisible = 0;
			defaultConfigurationName = Release;
		};
/* End XCConfigurationList section */

/* Begin XCVersionGroup section */
		97D3CDF22790443300E3A710 /* BuildOverContainer.xcdatamodeld */ = {
			isa = XCVersionGroup;
			children = (
				97D3CDF32790443300E3A710 /* BuildOverModel.xcdatamodel */,
			);
			currentVersion = 97D3CDF32790443300E3A710 /* BuildOverModel.xcdatamodel */;
			path = BuildOverContainer.xcdatamodeld;
			sourceTree = "<group>";
			versionGroupType = wrapper.xcdatamodel;
		};
/* End XCVersionGroup section */
	};
	rootObject = 97EE0D70278F4A3700C344C7 /* Project object */;
}
